
Microsoft Visual Studio Solution File, Format Version 12.00
# Visual Studio 14
VisualStudioVersion = 14.0.23107.0
MinimumVisualStudioVersion = 10.0.40219.1
Project("{FAE04EC0-301F-11D3-BF4B-00C04F79EFBC}") = "CsvAuthenticationProvider", "CsvAuthenticationProvider.csproj", "{A81B223C-6705-4A8D-A541-0BCF5B0C9712}"
EndProject
Project("{2150E333-8FDC-42A3-9474-1A3956D46DE8}") = "3rd Party Assemblies", "3rd Party Assemblies", "{70A1DDA3-AA1C-4919-8773-3D4CCA1CDE04}"
	ProjectSection(SolutionItems) = preProject
		3rd Party Assemblies\Sdl.Core.PluginFramework.dll = 3rd Party Assemblies\Sdl.Core.PluginFramework.dll
		3rd Party Assemblies\Sdl.StudioServer.Api.Core.dll = 3rd Party Assemblies\Sdl.StudioServer.Api.Core.dll
	EndProjectSection
EndProject
Project("{FAE04EC0-301F-11D3-BF4B-00C04F79EFBC}") = "CsvAuthenticationProvider.Test", "..\CsvAuthenticationProvider.Test\CsvAuthenticationProvider.Test.csproj", "{FFA1B1D6-655E-43D4-9C62-C6B3972384F9}"
EndProject
Global
	GlobalSection(SolutionConfigurationPlatforms) = preSolution
		Debug|Any CPU = Debug|Any CPU
		Release|Any CPU = Release|Any CPU
	EndGlobalSection
	GlobalSection(ProjectConfigurationPlatforms) = postSolution
		{A81B223C-6705-4A8D-A541-0BCF5B0C9712}.Debug|Any CPU.ActiveCfg = Debug|Any CPU
		{A81B223C-6705-4A8D-A541-0BCF5B0C9712}.Debug|Any CPU.Build.0 = Debug|Any CPU
		{A81B223C-6705-4A8D-A541-0BCF5B0C9712}.Release|Any CPU.ActiveCfg = Release|Any CPU
		{A81B223C-6705-4A8D-A541-0BCF5B0C9712}.Release|Any CPU.Build.0 = Release|Any CPU
		{FFA1B1D6-655E-43D4-9C62-C6B3972384F9}.Debug|Any CPU.ActiveCfg = Debug|Any CPU
		{FFA1B1D6-655E-43D4-9C62-C6B3972384F9}.Debug|Any CPU.Build.0 = Debug|Any CPU
		{FFA1B1D6-655E-43D4-9C62-C6B3972384F9}.Release|Any CPU.ActiveCfg = Release|Any CPU
		{FFA1B1D6-655E-43D4-9C62-C6B3972384F9}.Release|Any CPU.Build.0 = Release|Any CPU
	EndGlobalSection
	GlobalSection(SolutionProperties) = preSolution
		HideSolutionNode = FALSE
	EndGlobalSection
EndGlobal
